
Microsoft Visual Studio Solution File, Format Version 12.00
# Visual Studio Version 16
VisualStudioVersion = 16.0.31005.135
MinimumVisualStudioVersion = 10.0.40219.1
Project("{FAE04EC0-301F-11D3-BF4B-00C04F79EFBC}") = "AccessWebAPI_Mvc", "AccessWebAPI_Mvc.csproj", "{6CAF2911-A130-472E-A359-458BB59EEC5D}"
EndProject
Global
	GlobalSection(SolutionConfigurationPlatforms) = preSolution
		Debug|Any CPU = Debug|Any CPU
		Release|Any CPU = Release|Any CPU
	EndGlobalSection
	GlobalSection(ProjectConfigurationPlatforms) = postSolution
		{6CAF2911-A130-472E-A359-458BB59EEC5D}.Debug|Any CPU.ActiveCfg = Debug|Any CPU
		{6CAF2911-A130-472E-A359-458BB59EEC5D}.Debug|Any CPU.Build.0 = Debug|Any CPU
		{6CAF2911-A130-472E-A359-458BB59EEC5D}.Release|Any CPU.ActiveCfg = Release|Any CPU
		{6CAF2911-A130-472E-A359-458BB59EEC5D}.Release|Any CPU.Build.0 = Release|Any CPU
	EndGlobalSection
	GlobalSection(SolutionProperties) = preSolution
		HideSolutionNode = FALSE
	EndGlobalSection
	GlobalSection(ExtensibilityGlobals) = postSolution
		SolutionGuid = {B59DA861-BAD3-4841-B899-6BD210CDF34B}
	EndGlobalSection
EndGlobal
